
Microsoft Visual Studio Solution File, Format Version 12.00
# Visual Studio 15
VisualStudioVersion = 15.0.28307.329
MinimumVisualStudioVersion = 10.0.40219.1
Project("{FAE04EC0-301F-11D3-BF4B-00C04F79EFBC}") = "CoD4Net", "CoD4Net\CoD4Net.csproj", "{28CB023E-621C-4761-BFAB-05F4C6E48785}"
EndProject
Global
	GlobalSection(SolutionConfigurationPlatforms) = preSolution
		Debug|Any CPU = Debug|Any CPU
		Release|Any CPU = Release|Any CPU
	EndGlobalSection
	GlobalSection(ProjectConfigurationPlatforms) = postSolution
		{28CB023E-621C-4761-BFAB-05F4C6E48785}.Debug|Any CPU.ActiveCfg = Debug|Any CPU
		{28CB023E-621C-4761-BFAB-05F4C6E48785}.Debug|Any CPU.Build.0 = Debug|Any CPU
		{28CB023E-621C-4761-BFAB-05F4C6E48785}.Release|Any CPU.ActiveCfg = Release|Any CPU
		{28CB023E-621C-4761-BFAB-05F4C6E48785}.Release|Any CPU.Build.0 = Release|Any CPU
	EndGlobalSection
	GlobalSection(SolutionProperties) = preSolution
		HideSolutionNode = FALSE
	EndGlobalSection
	GlobalSection(ExtensibilityGlobals) = postSolution
		SolutionGuid = {7F207472-E923-4154-A796-ECCAA89C528D}
	EndGlobalSection
EndGlobal
